
Microsoft Visual Studio Solution File, Format Version 12.00
# Visual Studio Version 16
VisualStudioVersion = 16.0.30611.23
MinimumVisualStudioVersion = 10.0.40219.1
Project("{FAE04EC0-301F-11D3-BF4B-00C04F79EFBC}") = "Main", "Main\Main.csproj", "{8AEE1E23-2DA4-45AB-8978-DE1927779AA7}"
EndProject
Project("{9A19103F-16F7-4668-BE54-9A1E7A4F7556}") = "WeatherService", "WeatherService\WeatherService.csproj", "{3609C48D-5AF1-4143-B54F-6F57FFAC38C4}"
EndProject
Project("{FAE04EC0-301F-11D3-BF4B-00C04F79EFBC}") = "Models", "Models\Models.csproj", "{3D03AC5D-D5A4-43FF-98A2-693D207AC809}"
EndProject
Project("{FAE04EC0-301F-11D3-BF4B-00C04F79EFBC}") = "Interfaces", "Interfaces\Interfaces.csproj", "{F3DA4294-1849-4314-820C-CA29551669C5}"
EndProject
Project("{FAE04EC0-301F-11D3-BF4B-00C04F79EFBC}") = "Repository", "Repository\Repository.csproj", "{F56A2D47-3030-4577-998E-EA05DE90A0CA}"
EndProject
Global
	GlobalSection(SolutionConfigurationPlatforms) = preSolution
		Debug|Any CPU = Debug|Any CPU
		Release|Any CPU = Release|Any CPU
	EndGlobalSection
	GlobalSection(ProjectConfigurationPlatforms) = postSolution
		{8AEE1E23-2DA4-45AB-8978-DE1927779AA7}.Debug|Any CPU.ActiveCfg = Debug|Any CPU
		{8AEE1E23-2DA4-45AB-8978-DE1927779AA7}.Debug|Any CPU.Build.0 = Debug|Any CPU
		{8AEE1E23-2DA4-45AB-8978-DE1927779AA7}.Release|Any CPU.ActiveCfg = Release|Any CPU
		{8AEE1E23-2DA4-45AB-8978-DE1927779AA7}.Release|Any CPU.Build.0 = Release|Any CPU
		{3609C48D-5AF1-4143-B54F-6F57FFAC38C4}.Debug|Any CPU.ActiveCfg = Debug|Any CPU
		{3609C48D-5AF1-4143-B54F-6F57FFAC38C4}.Debug|Any CPU.Build.0 = Debug|Any CPU
		{3609C48D-5AF1-4143-B54F-6F57FFAC38C4}.Release|Any CPU.ActiveCfg = Release|Any CPU
		{3609C48D-5AF1-4143-B54F-6F57FFAC38C4}.Release|Any CPU.Build.0 = Release|Any CPU
		{3D03AC5D-D5A4-43FF-98A2-693D207AC809}.Debug|Any CPU.ActiveCfg = Debug|Any CPU
		{3D03AC5D-D5A4-43FF-98A2-693D207AC809}.Debug|Any CPU.Build.0 = Debug|Any CPU
		{3D03AC5D-D5A4-43FF-98A2-693D207AC809}.Release|Any CPU.ActiveCfg = Release|Any CPU
		{3D03AC5D-D5A4-43FF-98A2-693D207AC809}.Release|Any CPU.Build.0 = Release|Any CPU
		{F3DA4294-1849-4314-820C-CA29551669C5}.Debug|Any CPU.ActiveCfg = Debug|Any CPU
		{F3DA4294-1849-4314-820C-CA29551669C5}.Debug|Any CPU.Build.0 = Debug|Any CPU
		{F3DA4294-1849-4314-820C-CA29551669C5}.Release|Any CPU.ActiveCfg = Release|Any CPU
		{F3DA4294-1849-4314-820C-CA29551669C5}.Release|Any CPU.Build.0 = Release|Any CPU
		{F56A2D47-3030-4577-998E-EA05DE90A0CA}.Debug|Any CPU.ActiveCfg = Debug|Any CPU
		{F56A2D47-3030-4577-998E-EA05DE90A0CA}.Debug|Any CPU.Build.0 = Debug|Any CPU
		{F56A2D47-3030-4577-998E-EA05DE90A0CA}.Release|Any CPU.ActiveCfg = Release|Any CPU
		{F56A2D47-3030-4577-998E-EA05DE90A0CA}.Release|Any CPU.Build.0 = Release|Any CPU
	EndGlobalSection
	GlobalSection(SolutionProperties) = preSolution
		HideSolutionNode = FALSE
	EndGlobalSection
	GlobalSection(ExtensibilityGlobals) = postSolution
		SolutionGuid = {1CF8B0E9-A583-438E-A871-8DD0F718BE65}
	EndGlobalSection
EndGlobal
